
Microsoft Visual Studio Solution File, Format Version 12.00
# Visual Studio 15
VisualStudioVersion = 15.0.28307.1321
MinimumVisualStudioVersion = 10.0.40219.1
Project("{FAE04EC0-301F-11D3-BF4B-00C04F79EFBC}") = "UserIn3", "UserIn3\UserIn3.csproj", "{A7FAFF03-0839-47C1-AB2A-013B70ADEDD8}"
EndProject
Global
	GlobalSection(SolutionConfigurationPlatforms) = preSolution
		Debug|Any CPU = Debug|Any CPU
		Release|Any CPU = Release|Any CPU
	EndGlobalSection
	GlobalSection(ProjectConfigurationPlatforms) = postSolution
		{A7FAFF03-0839-47C1-AB2A-013B70ADEDD8}.Debug|Any CPU.ActiveCfg = Debug|Any CPU
		{A7FAFF03-0839-47C1-AB2A-013B70ADEDD8}.Debug|Any CPU.Build.0 = Debug|Any CPU
		{A7FAFF03-0839-47C1-AB2A-013B70ADEDD8}.Release|Any CPU.ActiveCfg = Release|Any CPU
		{A7FAFF03-0839-47C1-AB2A-013B70ADEDD8}.Release|Any CPU.Build.0 = Release|Any CPU
	EndGlobalSection
	GlobalSection(SolutionProperties) = preSolution
		HideSolutionNode = FALSE
	EndGlobalSection
	GlobalSection(ExtensibilityGlobals) = postSolution
		SolutionGuid = {92C66AE4-6208-4586-A9FB-79900C718800}
	EndGlobalSection
EndGlobal
