
Microsoft Visual Studio Solution File, Format Version 12.00
# Visual Studio 15
VisualStudioVersion = 15.0.28307.779
MinimumVisualStudioVersion = 10.0.40219.1
Project("{FAE04EC0-301F-11D3-BF4B-00C04F79EFBC}") = "WinAsynchMethod", "WinAsynchMethod\WinAsynchMethod.csproj", "{1D1B8AE3-3970-4D6C-9F89-4DC1893113A4}"
EndProject
Global
	GlobalSection(SolutionConfigurationPlatforms) = preSolution
		Debug|Any CPU = Debug|Any CPU
		Release|Any CPU = Release|Any CPU
	EndGlobalSection
	GlobalSection(ProjectConfigurationPlatforms) = postSolution
		{1D1B8AE3-3970-4D6C-9F89-4DC1893113A4}.Debug|Any CPU.ActiveCfg = Debug|Any CPU
		{1D1B8AE3-3970-4D6C-9F89-4DC1893113A4}.Debug|Any CPU.Build.0 = Debug|Any CPU
		{1D1B8AE3-3970-4D6C-9F89-4DC1893113A4}.Release|Any CPU.ActiveCfg = Release|Any CPU
		{1D1B8AE3-3970-4D6C-9F89-4DC1893113A4}.Release|Any CPU.Build.0 = Release|Any CPU
	EndGlobalSection
	GlobalSection(SolutionProperties) = preSolution
		HideSolutionNode = FALSE
	EndGlobalSection
	GlobalSection(ExtensibilityGlobals) = postSolution
		SolutionGuid = {614EACA4-93C3-408D-9326-259A88167BE8}
	EndGlobalSection
EndGlobal
