
Microsoft Visual Studio Solution File, Format Version 12.00
# Visual Studio 14
VisualStudioVersion = 14.0.25420.1
MinimumVisualStudioVersion = 10.0.40219.1
Project("{FAE04EC0-301F-11D3-BF4B-00C04F79EFBC}") = "ITMOLab1Hw1FormsApplication", "ITMOLab1Hw1FormsApplication\ITMOLab1Hw1FormsApplication.csproj", "{EE1A8603-87D0-4EC8-8030-0C6CB1A9B2CF}"
EndProject
Global
	GlobalSection(SolutionConfigurationPlatforms) = preSolution
		Debug|Any CPU = Debug|Any CPU
		Release|Any CPU = Release|Any CPU
	EndGlobalSection
	GlobalSection(ProjectConfigurationPlatforms) = postSolution
		{EE1A8603-87D0-4EC8-8030-0C6CB1A9B2CF}.Debug|Any CPU.ActiveCfg = Debug|Any CPU
		{EE1A8603-87D0-4EC8-8030-0C6CB1A9B2CF}.Debug|Any CPU.Build.0 = Debug|Any CPU
		{EE1A8603-87D0-4EC8-8030-0C6CB1A9B2CF}.Release|Any CPU.ActiveCfg = Release|Any CPU
		{EE1A8603-87D0-4EC8-8030-0C6CB1A9B2CF}.Release|Any CPU.Build.0 = Release|Any CPU
	EndGlobalSection
	GlobalSection(SolutionProperties) = preSolution
		HideSolutionNode = FALSE
	EndGlobalSection
EndGlobal
